
Microsoft Visual Studio Solution File, Format Version 12.00
# Visual Studio Version 17
VisualStudioVersion = 17.4.33110.190
MinimumVisualStudioVersion = 10.0.40219.1
Project("{FAE04EC0-301F-11D3-BF4B-00C04F79EFBC}") = "RefactoringAufgabe", "RefactoringAufgabe\RefactoringAufgabe.csproj", "{AFB6350A-DA2C-4F53-A75F-521B7D547B25}"
EndProject
Global
	GlobalSection(SolutionConfigurationPlatforms) = preSolution
		Debug|Any CPU = Debug|Any CPU
		Release|Any CPU = Release|Any CPU
	EndGlobalSection
	GlobalSection(ProjectConfigurationPlatforms) = postSolution
		{AFB6350A-DA2C-4F53-A75F-521B7D547B25}.Debug|Any CPU.ActiveCfg = Debug|Any CPU
		{AFB6350A-DA2C-4F53-A75F-521B7D547B25}.Debug|Any CPU.Build.0 = Debug|Any CPU
		{AFB6350A-DA2C-4F53-A75F-521B7D547B25}.Release|Any CPU.ActiveCfg = Release|Any CPU
		{AFB6350A-DA2C-4F53-A75F-521B7D547B25}.Release|Any CPU.Build.0 = Release|Any CPU
	EndGlobalSection
	GlobalSection(SolutionProperties) = preSolution
		HideSolutionNode = FALSE
	EndGlobalSection
	GlobalSection(ExtensibilityGlobals) = postSolution
		SolutionGuid = {49D5B655-26EC-4161-8612-F5D49C07ABFE}
	EndGlobalSection
EndGlobal
